// !$*UTF8*$!
{
	archiveVersion = 1;
	classes = {
	};
	objectVersion = 46;
	objects = {

/* Begin PBXBuildFile section */
		006D720419952D00008149E2 /* AVFoundation.framework in Frameworks */ = {isa = PBXBuildFile; fileRef = 006D720219952D00008149E2 /* AVFoundation.framework */; };
		006D720519952D00008149E2 /* CoreMedia.framework in Frameworks */ = {isa = PBXBuildFile; fileRef = 006D720319952D00008149E2 /* CoreMedia.framework */; };
		0091D8F90E81B9330029341E /* OpenGL.framework in Frameworks */ = {isa = PBXBuildFile; fileRef = 0091D8F80E81B9330029341E /* OpenGL.framework */; };
		00B784B30FF439BC000DE1D7 /* Accelerate.framework in Frameworks */ = {isa = PBXBuildFile; fileRef = 00B784AF0FF439BC000DE1D7 /* Accelerate.framework */; };
		00B784B40FF439BC000DE1D7 /* AudioToolbox.framework in Frameworks */ = {isa = PBXBuildFile; fileRef = 00B784B00FF439BC000DE1D7 /* AudioToolbox.framework */; };
		00B784B50FF439BC000DE1D7 /* AudioUnit.framework in Frameworks */ = {isa = PBXBuildFile; fileRef = 00B784B10FF439BC000DE1D7 /* AudioUnit.framework */; };
		00B784B60FF439BC000DE1D7 /* CoreAudio.framework in Frameworks */ = {isa = PBXBuildFile; fileRef = 00B784B20FF439BC000DE1D7 /* CoreAudio.framework */; };
		00B9955A1B128DF400A5C623 /* IOKit.framework in Frameworks */ = {isa = PBXBuildFile; fileRef = 00B995581B128DF400A5C623 /* IOKit.framework */; };
		00B9955B1B128DF400A5C623 /* IOSurface.framework in Frameworks */ = {isa = PBXBuildFile; fileRef = 00B995591B128DF400A5C623 /* IOSurface.framework */; };
		074227D938A8411091B6BC3F /* CinderApp.icns in Resources */ = {isa = PBXBuildFile; fileRef = 7BE11B2CC56D4623A3AC70B7 /* CinderApp.icns */; };
		12A25E8D41684A8C909EAA73 /* PostApp.cpp in Sources */ = {isa = PBXBuildFile; fileRef = 337AC56759BF4AD9A210C8BE /* PostApp.cpp */; };
		5323E6B20EAFCA74003A9687 /* CoreVideo.framework in Frameworks */ = {isa = PBXBuildFile; fileRef = 5323E6B10EAFCA74003A9687 /* CoreVideo.framework */; };
		8D11072F0486CEB800E47090 /* Cocoa.framework in Frameworks */ = {isa = PBXBuildFile; fileRef = 1058C7A1FEA54F0111CA2CBB /* Cocoa.framework */; };
/* End PBXBuildFile section */

/* Begin PBXFileReference section */
		006D720219952D00008149E2 /* AVFoundation.framework */ = {isa = PBXFileReference; lastKnownFileType = wrapper.framework; name = AVFoundation.framework; path = System/Library/Frameworks/AVFoundation.framework; sourceTree = SDKROOT; };
		006D720319952D00008149E2 /* CoreMedia.framework */ = {isa = PBXFileReference; lastKnownFileType = wrapper.framework; name = CoreMedia.framework; path = System/Library/Frameworks/CoreMedia.framework; sourceTree = SDKROOT; };
		0091D8F80E81B9330029341E /* OpenGL.framework */ = {isa = PBXFileReference; lastKnownFileType = wrapper.framework; name = OpenGL.framework; path = /System/Library/Frameworks/OpenGL.framework; sourceTree = "<absolute>"; };
		00B784AF0FF439BC000DE1D7 /* Accelerate.framework */ = {isa = PBXFileReference; lastKnownFileType = wrapper.framework; name = Accelerate.framework; path = System/Library/Frameworks/Accelerate.framework; sourceTree = SDKROOT; };
		00B784B00FF439BC000DE1D7 /* AudioToolbox.framework */ = {isa = PBXFileReference; lastKnownFileType = wrapper.framework; name = AudioToolbox.framework; path = System/Library/Frameworks/AudioToolbox.framework; sourceTree = SDKROOT; };
		00B784B10FF439BC000DE1D7 /* AudioUnit.framework */ = {isa = PBXFileReference; lastKnownFileType = wrapper.framework; name = AudioUnit.framework; path = System/Library/Frameworks/AudioUnit.framework; sourceTree = SDKROOT; };
		00B784B20FF439BC000DE1D7 /* CoreAudio.framework */ = {isa = PBXFileReference; lastKnownFileType = wrapper.framework; name = CoreAudio.framework; path = System/Library/Frameworks/CoreAudio.framework; sourceTree = SDKROOT; };
		00B995581B128DF400A5C623 /* IOKit.framework */ = {isa = PBXFileReference; lastKnownFileType = wrapper.framework; name = IOKit.framework; path = System/Library/Frameworks/IOKit.framework; sourceTree = SDKROOT; };
		00B995591B128DF400A5C623 /* IOSurface.framework */ = {isa = PBXFileReference; lastKnownFileType = wrapper.framework; name = IOSurface.framework; path = System/Library/Frameworks/IOSurface.framework; sourceTree = SDKROOT; };
		0D8CF3AA2EB74648B7494CF1 /* handshaker.hpp */ = {isa = PBXFileReference; lastKnownFileType = "\"\""; name = handshaker.hpp; path = ../../../src/cinder/http/handshaker.hpp; sourceTree = "<group>"; };
		1058C7A1FEA54F0111CA2CBB /* Cocoa.framework */ = {isa = PBXFileReference; lastKnownFileType = wrapper.framework; name = Cocoa.framework; path = /System/Library/Frameworks/Cocoa.framework; sourceTree = "<absolute>"; };
		1F13881C082E45C1975BF8B2 /* Post_Prefix.pch */ = {isa = PBXFileReference; lastKnownFileType = "\"\""; path = Post_Prefix.pch; sourceTree = "<group>"; };
		215AA853620749019C94924F /* http.hpp */ = {isa = PBXFileReference; lastKnownFileType = "\"\""; name = http.hpp; path = ../../../src/cinder/http/http.hpp; sourceTree = "<group>"; };
		29B97324FDCFA39411CA2CEA /* AppKit.framework */ = {isa = PBXFileReference; lastKnownFileType = wrapper.framework; name = AppKit.framework; path = /System/Library/Frameworks/AppKit.framework; sourceTree = "<absolute>"; };
		29B97325FDCFA39411CA2CEA /* Foundation.framework */ = {isa = PBXFileReference; lastKnownFileType = wrapper.framework; name = Foundation.framework; path = /System/Library/Frameworks/Foundation.framework; sourceTree = "<absolute>"; };
		32F92C4C27C84A768174521D /* headers.hpp */ = {isa = PBXFileReference; lastKnownFileType = "\"\""; name = headers.hpp; path = ../../../src/cinder/http/headers.hpp; sourceTree = "<group>"; };
		337AC56759BF4AD9A210C8BE /* PostApp.cpp */ = {isa = PBXFileReference; lastKnownFileType = sourcecode.c.cpp; name = PostApp.cpp; path = ../src/PostApp.cpp; sourceTree = "<group>"; };
		3460E711C3994A718DC9772E /* request_response.hpp */ = {isa = PBXFileReference; lastKnownFileType = "\"\""; name = request_response.hpp; path = ../../../src/cinder/http/request_response.hpp; sourceTree = "<group>"; };
		512846CEE67F49A7A0776619 /* url.hpp */ = {isa = PBXFileReference; lastKnownFileType = "\"\""; name = url.hpp; path = ../../../src/cinder/http/url.hpp; sourceTree = "<group>"; };
		5323E6B10EAFCA74003A9687 /* CoreVideo.framework */ = {isa = PBXFileReference; lastKnownFileType = wrapper.framework; name = CoreVideo.framework; path = /System/Library/Frameworks/CoreVideo.framework; sourceTree = "<absolute>"; };
		537E9666088A4B409C79853C /* Info.plist */ = {isa = PBXFileReference; lastKnownFileType = text.plist.xml; path = Info.plist; sourceTree = "<group>"; };
		566F0A6D83B5478CBF84CC36 /* error_codes.hpp */ = {isa = PBXFileReference; lastKnownFileType = "\"\""; name = error_codes.hpp; path = ../../../src/cinder/http/error_codes.hpp; sourceTree = "<group>"; };
		5F512F40B61644A8A56437B9 /* Resources.h */ = {isa = PBXFileReference; lastKnownFileType = sourcecode.c.h; name = Resources.h; path = ../include/Resources.h; sourceTree = "<group>"; };
		701A2649A9C54FDB87D9A046 /* connector.hpp */ = {isa = PBXFileReference; lastKnownFileType = "\"\""; name = connector.hpp; path = ../../../src/cinder/http/connector.hpp; sourceTree = "<group>"; };
		7BE11B2CC56D4623A3AC70B7 /* CinderApp.icns */ = {isa = PBXFileReference; lastKnownFileType = image.icns; name = CinderApp.icns; path = ../resources/CinderApp.icns; sourceTree = "<group>"; };
		8D1107320486CEB800E47090 /* Post.app */ = {isa = PBXFileReference; explicitFileType = wrapper.application; includeInIndex = 0; path = Post.app; sourceTree = BUILT_PRODUCTS_DIR; };
		980A834C6EB54B2DBB74F07A /* requester.hpp */ = {isa = PBXFileReference; lastKnownFileType = "\"\""; name = requester.hpp; path = ../../../src/cinder/http/requester.hpp; sourceTree = "<group>"; };
		D59F1920943543158F5B31C5 /* parsers.hpp */ = {isa = PBXFileReference; lastKnownFileType = "\"\""; name = parsers.hpp; path = ../../../src/cinder/http/parsers.hpp; sourceTree = "<group>"; };
		EC0993D8D7024C10B808AC33 /* responder.hpp */ = {isa = PBXFileReference; lastKnownFileType = "\"\""; name = responder.hpp; path = ../../../src/cinder/http/responder.hpp; sourceTree = "<group>"; };
/* End PBXFileReference section */

/* Begin PBXFrameworksBuildPhase section */
		8D11072E0486CEB800E47090 /* Frameworks */ = {
			isa = PBXFrameworksBuildPhase;
			buildActionMask = 2147483647;
			files = (
				006D720419952D00008149E2 /* AVFoundation.framework in Frameworks */,
				006D720519952D00008149E2 /* CoreMedia.framework in Frameworks */,
				8D11072F0486CEB800E47090 /* Cocoa.framework in Frameworks */,
				0091D8F90E81B9330029341E /* OpenGL.framework in Frameworks */,
				5323E6B20EAFCA74003A9687 /* CoreVideo.framework in Frameworks */,
				00B784B30FF439BC000DE1D7 /* Accelerate.framework in Frameworks */,
				00B784B40FF439BC000DE1D7 /* AudioToolbox.framework in Frameworks */,
				00B784B50FF439BC000DE1D7 /* AudioUnit.framework in Frameworks */,
				00B784B60FF439BC000DE1D7 /* CoreAudio.framework in Frameworks */,
				00B9955A1B128DF400A5C623 /* IOKit.framework in Frameworks */,
				00B9955B1B128DF400A5C623 /* IOSurface.framework in Frameworks */,
			);
			runOnlyForDeploymentPostprocessing = 0;
		};
/* End PBXFrameworksBuildPhase section */

/* Begin PBXGroup section */
		01B97315FEAEA392516A2CEA /* Blocks */ = {
			isa = PBXGroup;
			children = (
				94F9A82BF8974D8CA714E210 /* Cinder-HTTP(S) */,
			);
			name = Blocks;
			sourceTree = "<group>";
		};
		080E96DDFE201D6D7F000001 /* Source */ = {
			isa = PBXGroup;
			children = (
				337AC56759BF4AD9A210C8BE /* PostApp.cpp */,
			);
			name = Source;
			sourceTree = "<group>";
		};
		1058C7A0FEA54F0111CA2CBB /* Linked Frameworks */ = {
			isa = PBXGroup;
			children = (
				006D720219952D00008149E2 /* AVFoundation.framework */,
				006D720319952D00008149E2 /* CoreMedia.framework */,
				00B784AF0FF439BC000DE1D7 /* Accelerate.framework */,
				00B784B00FF439BC000DE1D7 /* AudioToolbox.framework */,
				00B784B10FF439BC000DE1D7 /* AudioUnit.framework */,
				00B784B20FF439BC000DE1D7 /* CoreAudio.framework */,
				5323E6B10EAFCA74003A9687 /* CoreVideo.framework */,
				0091D8F80E81B9330029341E /* OpenGL.framework */,
				1058C7A1FEA54F0111CA2CBB /* Cocoa.framework */,
				00B995581B128DF400A5C623 /* IOKit.framework */,
				00B995591B128DF400A5C623 /* IOSurface.framework */,
			);
			name = "Linked Frameworks";
			sourceTree = "<group>";
		};
		1058C7A2FEA54F0111CA2CBB /* Other Frameworks */ = {
			isa = PBXGroup;
			children = (
				29B97324FDCFA39411CA2CEA /* AppKit.framework */,
				29B97325FDCFA39411CA2CEA /* Foundation.framework */,
			);
			name = "Other Frameworks";
			sourceTree = "<group>";
		};
		1165EFB9B19E4D51BCFA08A5 /* http */ = {
			isa = PBXGroup;
			children = (
				701A2649A9C54FDB87D9A046 /* connector.hpp */,
				566F0A6D83B5478CBF84CC36 /* error_codes.hpp */,
				0D8CF3AA2EB74648B7494CF1 /* handshaker.hpp */,
				32F92C4C27C84A768174521D /* headers.hpp */,
				215AA853620749019C94924F /* http.hpp */,
				D59F1920943543158F5B31C5 /* parsers.hpp */,
				3460E711C3994A718DC9772E /* request_response.hpp */,
				980A834C6EB54B2DBB74F07A /* requester.hpp */,
				EC0993D8D7024C10B808AC33 /* responder.hpp */,
				512846CEE67F49A7A0776619 /* url.hpp */,
			);
			name = http;
			sourceTree = "<group>";
		};
		19C28FACFE9D520D11CA2CBB /* Products */ = {
			isa = PBXGroup;
			children = (
				8D1107320486CEB800E47090 /* Post.app */,
			);
			name = Products;
			sourceTree = "<group>";
		};
		29B97314FDCFA39411CA2CEA /* Post */ = {
			isa = PBXGroup;
			children = (
				01B97315FEAEA392516A2CEA /* Blocks */,
				29B97315FDCFA39411CA2CEA /* Headers */,
				080E96DDFE201D6D7F000001 /* Source */,
				29B97317FDCFA39411CA2CEA /* Resources */,
				29B97323FDCFA39411CA2CEA /* Frameworks */,
				19C28FACFE9D520D11CA2CBB /* Products */,
			);
			name = Post;
			sourceTree = "<group>";
		};
		29B97315FDCFA39411CA2CEA /* Headers */ = {
			isa = PBXGroup;
			children = (
				5F512F40B61644A8A56437B9 /* Resources.h */,
				1F13881C082E45C1975BF8B2 /* Post_Prefix.pch */,
			);
			name = Headers;
			sourceTree = "<group>";
		};
		29B97317FDCFA39411CA2CEA /* Resources */ = {
			isa = PBXGroup;
			children = (
				7BE11B2CC56D4623A3AC70B7 /* CinderApp.icns */,
				537E9666088A4B409C79853C /* Info.plist */,
			);
			name = Resources;
			sourceTree = "<group>";
		};
		29B97323FDCFA39411CA2CEA /* Frameworks */ = {
			isa = PBXGroup;
			children = (
				1058C7A0FEA54F0111CA2CBB /* Linked Frameworks */,
				1058C7A2FEA54F0111CA2CBB /* Other Frameworks */,
			);
			name = Frameworks;
			sourceTree = "<group>";
		};
		3F84588E9005406F90995C6C /* src */ = {
			isa = PBXGroup;
			children = (
				55DD62CE06C14C50AF43EFA5 /* cinder */,
			);
			name = src;
			sourceTree = "<group>";
		};
		55DD62CE06C14C50AF43EFA5 /* cinder */ = {
			isa = PBXGroup;
			children = (
				1165EFB9B19E4D51BCFA08A5 /* http */,
			);
			name = cinder;
			sourceTree = "<group>";
		};
		94F9A82BF8974D8CA714E210 /* Cinder-HTTP(S) */ = {
			isa = PBXGroup;
			children = (
				3F84588E9005406F90995C6C /* src */,
			);
			name = "Cinder-HTTP(S)";
			sourceTree = "<group>";
		};
/* End PBXGroup section */

/* Begin PBXNativeTarget section */
		8D1107260486CEB800E47090 /* Post */ = {
			isa = PBXNativeTarget;
			buildConfigurationList = C01FCF4A08A954540054247B /* Build configuration list for PBXNativeTarget "Post" */;
			buildPhases = (
				8D1107290486CEB800E47090 /* Resources */,
				8D11072C0486CEB800E47090 /* Sources */,
				8D11072E0486CEB800E47090 /* Frameworks */,
			);
			buildRules = (
			);
			dependencies = (
			);
			name = Post;
			productInstallPath = "$(HOME)/Applications";
			productName = Post;
			productReference = 8D1107320486CEB800E47090 /* Post.app */;
			productType = "com.apple.product-type.application";
		};
/* End PBXNativeTarget section */

/* Begin PBXProject section */
		29B97313FDCFA39411CA2CEA /* Project object */ = {
			isa = PBXProject;
			attributes = {
			};
			buildConfigurationList = C01FCF4E08A954540054247B /* Build configuration list for PBXProject "Post" */;
			compatibilityVersion = "Xcode 3.2";
			developmentRegion = English;
			hasScannedForEncodings = 1;
			knownRegions = (
				English,
				Japanese,
				French,
				German,
			);
			mainGroup = 29B97314FDCFA39411CA2CEA /* Post */;
			projectDirPath = "";
			projectRoot = "";
			targets = (
				8D1107260486CEB800E47090 /* Post */,
			);
		};
/* End PBXProject section */

/* Begin PBXResourcesBuildPhase section */
		8D1107290486CEB800E47090 /* Resources */ = {
			isa = PBXResourcesBuildPhase;
			buildActionMask = 2147483647;
			files = (
				074227D938A8411091B6BC3F /* CinderApp.icns in Resources */,
			);
			runOnlyForDeploymentPostprocessing = 0;
		};
/* End PBXResourcesBuildPhase section */

/* Begin PBXSourcesBuildPhase section */
		8D11072C0486CEB800E47090 /* Sources */ = {
			isa = PBXSourcesBuildPhase;
			buildActionMask = 2147483647;
			files = (
				12A25E8D41684A8C909EAA73 /* PostApp.cpp in Sources */,
			);
			runOnlyForDeploymentPostprocessing = 0;
		};
/* End PBXSourcesBuildPhase section */

/* Begin XCBuildConfiguration section */
		C01FCF4B08A954540054247B /* Debug */ = {
			isa = XCBuildConfiguration;
			buildSettings = {
				COMBINE_HIDPI_IMAGES = YES;
				COPY_PHASE_STRIP = NO;
				DEAD_CODE_STRIPPING = YES;
				GCC_DYNAMIC_NO_PIC = NO;
				GCC_INLINES_ARE_PRIVATE_EXTERN = YES;
				GCC_OPTIMIZATION_LEVEL = 0;
				GCC_PRECOMPILE_PREFIX_HEADER = YES;
				GCC_PREFIX_HEADER = Post_Prefix.pch;
				GCC_PREPROCESSOR_DEFINITIONS = (
					"DEBUG=1",
					"$(inherited)",
				);
				GCC_SYMBOLS_PRIVATE_EXTERN = NO;
				INFOPLIST_FILE = Info.plist;
				INSTALL_PATH = "$(HOME)/Applications";
				OTHER_LDFLAGS = (
					"\"$(CINDER_PATH)/lib/libcinder_d.a\"",
					../../../lib/osx/libcrypto.a,
					../../../lib/osx/libssl.a,
				);
				PRODUCT_BUNDLE_IDENTIFIER = "org.libcinder.${PRODUCT_NAME:rfc1034identifier}";
				PRODUCT_NAME = Post;
				SYMROOT = ./build;
				WRAPPER_EXTENSION = app;
			};
			name = Debug;
		};
		C01FCF4C08A954540054247B /* Release */ = {
			isa = XCBuildConfiguration;
			buildSettings = {
				COMBINE_HIDPI_IMAGES = YES;
				DEAD_CODE_STRIPPING = YES;
				DEBUG_INFORMATION_FORMAT = "dwarf-with-dsym";
				GCC_FAST_MATH = YES;
				GCC_GENERATE_DEBUGGING_SYMBOLS = NO;
				GCC_INLINES_ARE_PRIVATE_EXTERN = YES;
				GCC_OPTIMIZATION_LEVEL = 3;
				GCC_PRECOMPILE_PREFIX_HEADER = YES;
				GCC_PREFIX_HEADER = Post_Prefix.pch;
				GCC_PREPROCESSOR_DEFINITIONS = (
					"NDEBUG=1",
					"$(inherited)",
				);
				GCC_SYMBOLS_PRIVATE_EXTERN = NO;
				INFOPLIST_FILE = Info.plist;
				INSTALL_PATH = "$(HOME)/Applications";
				OTHER_LDFLAGS = (
					"\"$(CINDER_PATH)/lib/libcinder.a\"",
					../../../lib/osx/libcrypto.a,
					../../../lib/osx/libssl.a,
				);
				PRODUCT_BUNDLE_IDENTIFIER = "org.libcinder.${PRODUCT_NAME:rfc1034identifier}";
				PRODUCT_NAME = Post;
				STRIP_INSTALLED_PRODUCT = YES;
				SYMROOT = ./build;
				WRAPPER_EXTENSION = app;
			};
			name = Release;
		};
		C01FCF4F08A954540054247B /* Debug */ = {
			isa = XCBuildConfiguration;
			buildSettings = {
				ALWAYS_SEARCH_USER_PATHS = NO;
				CINDER_PATH = ../../../../..;
				CLANG_CXX_LANGUAGE_STANDARD = "c++11";
				CLANG_CXX_LIBRARY = "libc++";
				ENABLE_TESTABILITY = YES;
				GCC_WARN_ABOUT_RETURN_TYPE = YES;
				GCC_WARN_UNUSED_VARIABLE = YES;
				HEADER_SEARCH_PATHS = (
					"\"$(CINDER_PATH)/include\"",
					../../../lib/include,
				);
				MACOSX_DEPLOYMENT_TARGET = 10.8;
				ONLY_ACTIVE_ARCH = YES;
				SDKROOT = macosx;
				USER_HEADER_SEARCH_PATHS = "\"$(CINDER_PATH)/include\" ../include ../../../src";
			};
			name = Debug;
		};
		C01FCF5008A954540054247B /* Release */ = {
			isa = XCBuildConfiguration;
			buildSettings = {
				ALWAYS_SEARCH_USER_PATHS = NO;
				CINDER_PATH = ../../../../..;
				CLANG_CXX_LANGUAGE_STANDARD = "c++11";
				CLANG_CXX_LIBRARY = "libc++";
				GCC_WARN_ABOUT_RETURN_TYPE = YES;
				GCC_WARN_UNUSED_VARIABLE = YES;
				HEADER_SEARCH_PATHS = (
					"\"$(CINDER_PATH)/include\"",
					../../../lib/include,
				);
				MACOSX_DEPLOYMENT_TARGET = 10.8;
				SDKROOT = macosx;
				USER_HEADER_SEARCH_PATHS = "\"$(CINDER_PATH)/include\" ../include ../../../src";
			};
			name = Release;
		};
/* End XCBuildConfiguration section */

/* Begin XCConfigurationList section */
		C01FCF4A08A954540054247B /* Build configuration list for PBXNativeTarget "Post" */ = {
			isa = XCConfigurationList;
			buildConfigurations = (
				C01FCF4B08A954540054247B /* Debug */,
				C01FCF4C08A954540054247B /* Release */,
			);
			defaultConfigurationIsVisible = 0;
			defaultConfigurationName = Release;
		};
		C01FCF4E08A954540054247B /* Build configuration list for PBXProject "Post" */ = {
			isa = XCConfigurationList;
			buildConfigurations = (
				C01FCF4F08A954540054247B /* Debug */,
				C01FCF5008A954540054247B /* Release */,
			);
			defaultConfigurationIsVisible = 0;
			defaultConfigurationName = Release;
		};
/* End XCConfigurationList section */
	};
	rootObject = 29B97313FDCFA39411CA2CEA /* Project object */;
}
