// !$*UTF8*$!
{
	archiveVersion = 1;
	classes = {
	};
	objectVersion = 46;
	objects = {

/* Begin PBXBuildFile section */
		0087D25512CD809F002CD69F /* CoreText.framework in Frameworks */ = {isa = PBXBuildFile; fileRef = 0087D25412CD809F002CD69F /* CoreText.framework */; };
		00CFDF6B1138442D0091E310 /* CoreGraphics.framework in Frameworks */ = {isa = PBXBuildFile; fileRef = 00CFDF6A1138442D0091E310 /* CoreGraphics.framework */; };
		C725E001121DAC8FFFFA18FF /* ImageIO.framework in Frameworks */ = {isa = PBXBuildFile; fileRef = 00CFDF6A1138442D0091FFFF /* ImageIO.framework */; };
		DDDDE001121DAC8FFFFADDDD /* MobileCoreServices.framework in Frameworks */ = {isa = PBXBuildFile; fileRef = DDDDDF6A1138442D0091DDDD /* MobileCoreServices.framework */; };
		1D60589F0D05DD5A006BFB54 /* Foundation.framework in Frameworks */ = {isa = PBXBuildFile; fileRef = 1D30AB110D05D00D00671497 /* Foundation.framework */; };
		1DF5F4E00D08C38300B7A737 /* UIKit.framework in Frameworks */ = {isa = PBXBuildFile; fileRef = 1DF5F4DF0D08C38300B7A737 /* UIKit.framework */; };
		28FD15000DC6FC520079059D /* OpenGLES.framework in Frameworks */ = {isa = PBXBuildFile; fileRef = 28FD14FF0DC6FC520079059D /* OpenGLES.framework */; };
		28FD15080DC6FC5B0079059D /* QuartzCore.framework in Frameworks */ = {isa = PBXBuildFile; fileRef = 28FD15070DC6FC5B0079059D /* QuartzCore.framework */; };
		C725DFFE121DAC7F00FA186B /* CoreMedia.framework in Frameworks */ = {isa = PBXBuildFile; fileRef = C727C02B121B400300192073 /* CoreMedia.framework */; settings = {
	ATTRIBUTES = (
		Weak,
	);
}; };
		C725E001121DAC8F00FA186B /* AVFoundation.framework in Frameworks */ = {isa = PBXBuildFile; fileRef = C725E000121DAC8F00FA186B /* AVFoundation.framework */; settings = {
	ATTRIBUTES = (
		Weak,
	);
}; };
		C727C02E121B400300192073 /* CoreVideo.framework in Frameworks */ = {isa = PBXBuildFile; fileRef = C727C02D121B400300192073 /* CoreVideo.framework */; settings = {
	ATTRIBUTES = (
		Weak,
	);
}; };
		C7FB19D6124BC0D70045AFD2 /* AudioToolbox.framework in Frameworks */ = {isa = PBXBuildFile; fileRef = C7FB19D5124BC0D70045AFD2 /* AudioToolbox.framework */; };
		00A66A361965AC8800B17EB3 /* Accelerate.framework in Frameworks */ = {isa = PBXBuildFile; fileRef = 00A66A351965AC8800B17EB3 /* Accelerate.framework */; };
		00748058165D41390024B57A /* assets in Resources */ = {isa = PBXBuildFile; fileRef = 00748057165D41390024B57A /* assets */; };
		E684B5F6D6DC49C5ABEBDA2E /* url.hpp in Headers */ = {isa = PBXBuildFile; fileRef = 23C4141D43924590BE51EE69 /* url.hpp */; };
		6111B6C3486D4A0A84003E60 /* responder.hpp in Headers */ = {isa = PBXBuildFile; fileRef = 66BCD52B415C4FE0B14416D8 /* responder.hpp */; };
		7622339CA7D34BD78632CB0D /* requester.hpp in Headers */ = {isa = PBXBuildFile; fileRef = 395A3CAB83A144328B37ED84 /* requester.hpp */; };
		E125A86AE96E4AD5AEEB9086 /* request_response.hpp in Headers */ = {isa = PBXBuildFile; fileRef = CF7D3387D2B14BA49FD0C52B /* request_response.hpp */; };
		CB1CA85BDEF64C6EAE03BCD6 /* parsers.hpp in Headers */ = {isa = PBXBuildFile; fileRef = 7231A4EB3DEE4491BCEFD15A /* parsers.hpp */; };
		F8050781E5B24445A8AAEE06 /* http.hpp in Headers */ = {isa = PBXBuildFile; fileRef = C88BFFC379114AEDAA795BB7 /* http.hpp */; };
		9B1847A5C39B4E90B3B93E2E /* headers.hpp in Headers */ = {isa = PBXBuildFile; fileRef = A7701AAC60254AEF991682A2 /* headers.hpp */; };
		47ECE3F7D780433180F74C24 /* handshaker.hpp in Headers */ = {isa = PBXBuildFile; fileRef = ECD255100E94434CA04A2267 /* handshaker.hpp */; };
		4F4659F617BF460C8ABD18A2 /* error_codes.hpp in Headers */ = {isa = PBXBuildFile; fileRef = A367A157EBDB4DEC9A74C7CE /* error_codes.hpp */; };
		8B8EE6196EDD482CB44F2CCE /* connector.hpp in Headers */ = {isa = PBXBuildFile; fileRef = E0F48DC9291A4D30A0ABF176 /* connector.hpp */; };
		1F3D0BA4D8C84AF1AFB58FD1 /* Request_Response_Prefix.pch in Headers */ = {isa = PBXBuildFile; fileRef = E8E7C46B8F2B418A98A58267 /* Request_Response_Prefix.pch */; };
		03B5F7AFE329450D95BEB744 /* LaunchScreen.xib in Resources */ = {isa = PBXBuildFile; fileRef = 0354126BC9F548A787D39E64 /* LaunchScreen.xib */; };
		779DAB3BC02948C1B84EC56D /* Images.xcassets in Resources */ = {isa = PBXBuildFile; fileRef = E1B2167AC1BA4CFF93E869C4 /* Images.xcassets */; };
		FB07DB48EAAA4129B52D1FDB /* CinderApp_ios.png in Resources */ = {isa = PBXBuildFile; fileRef = D5ACC7EB770D4767AB27C8D6 /* CinderApp_ios.png */; };
		AEE5186F82764EF9B55F3C6E /* Resources.h in Headers */ = {isa = PBXBuildFile; fileRef = BEA4E62187D54368882DC046 /* Resources.h */; };
		F3D28018C3484B43AF1B13FA /* Request_ResponseApp.cpp in Sources */ = {isa = PBXBuildFile; fileRef = CE7D6C91F44D4447832CF6C7 /* Request_ResponseApp.cpp */; };
/* End PBXBuildFile section */

/* Begin PBXFileReference section */
		00692BCF14FF149000D0A05E /* Request_Response.app */ = {isa = PBXFileReference; explicitFileType = wrapper.application; includeInIndex = 0; path = Request_Response.app; sourceTree = BUILT_PRODUCTS_DIR; };
		0087D25412CD809F002CD69F /* CoreText.framework */ = {isa = PBXFileReference; lastKnownFileType = wrapper.framework; name = CoreText.framework; path = System/Library/Frameworks/CoreText.framework; sourceTree = SDKROOT; };
		00CFDF6A1138442D0091E310 /* CoreGraphics.framework */ = {isa = PBXFileReference; lastKnownFileType = wrapper.framework; name = CoreGraphics.framework; path = System/Library/Frameworks/CoreGraphics.framework; sourceTree = SDKROOT; };
		00CFDF6A1138442D0091FFFF /* ImageIO.framework */ = {isa = PBXFileReference; lastKnownFileType = wrapper.framework; name = ImageIO.framework; path = System/Library/Frameworks/ImageIO.framework; sourceTree = SDKROOT; };
		DDDDDF6A1138442D0091DDDD /* MobileCoreServices.framework */ = {isa = PBXFileReference; lastKnownFileType = wrapper.framework; name = MobileCoreServices.framework; path = System/Library/Frameworks/MobileCoreServices.framework; sourceTree = SDKROOT; };
		1D30AB110D05D00D00671497 /* Foundation.framework */ = {isa = PBXFileReference; lastKnownFileType = wrapper.framework; name = Foundation.framework; path = System/Library/Frameworks/Foundation.framework; sourceTree = SDKROOT; };
		1DF5F4DF0D08C38300B7A737 /* UIKit.framework */ = {isa = PBXFileReference; lastKnownFileType = wrapper.framework; name = UIKit.framework; path = System/Library/Frameworks/UIKit.framework; sourceTree = SDKROOT; };
		28FD14FF0DC6FC520079059D /* OpenGLES.framework */ = {isa = PBXFileReference; lastKnownFileType = wrapper.framework; name = OpenGLES.framework; path = System/Library/Frameworks/OpenGLES.framework; sourceTree = SDKROOT; };
		28FD15070DC6FC5B0079059D /* QuartzCore.framework */ = {isa = PBXFileReference; lastKnownFileType = wrapper.framework; name = QuartzCore.framework; path = System/Library/Frameworks/QuartzCore.framework; sourceTree = SDKROOT; };
		C725E000121DAC8F00FA186B /* AVFoundation.framework */ = {isa = PBXFileReference; lastKnownFileType = wrapper.framework; name = AVFoundation.framework; path = System/Library/Frameworks/AVFoundation.framework; sourceTree = SDKROOT; };
		C727C02B121B400300192073 /* CoreMedia.framework */ = {isa = PBXFileReference; lastKnownFileType = wrapper.framework; name = CoreMedia.framework; path = System/Library/Frameworks/CoreMedia.framework; sourceTree = SDKROOT; };
		C727C02D121B400300192073 /* CoreVideo.framework */ = {isa = PBXFileReference; lastKnownFileType = wrapper.framework; name = CoreVideo.framework; path = System/Library/Frameworks/CoreVideo.framework; sourceTree = SDKROOT; };
		C7FB19D5124BC0D70045AFD2 /* AudioToolbox.framework */ = {isa = PBXFileReference; lastKnownFileType = wrapper.framework; name = AudioToolbox.framework; path = System/Library/Frameworks/AudioToolbox.framework; sourceTree = SDKROOT; };
		00A66A351965AC8800B17EB3 /* Accelerate.framework */ = {isa = PBXFileReference; lastKnownFileType = wrapper.framework; name = Accelerate.framework; path = System/Library/Frameworks/Accelerate.framework; sourceTree = SDKROOT; };
		00748057165D41390024B57A /* assets */ = {isa = PBXFileReference; lastKnownFileType = folder; name = assets; path = ../assets; sourceTree = "<group>"; };
		CE7D6C91F44D4447832CF6C7 /* Request_ResponseApp.cpp */ = {isa = PBXFileReference; lastKnownFileType = sourcecode.c.cpp; path = ../src/Request_ResponseApp.cpp; sourceTree = "<group>"; name = Request_ResponseApp.cpp; };
		BEA4E62187D54368882DC046 /* Resources.h */ = {isa = PBXFileReference; lastKnownFileType = sourcecode.c.h; path = ../include/Resources.h; sourceTree = "<group>"; name = Resources.h; };
		D5ACC7EB770D4767AB27C8D6 /* CinderApp_ios.png */ = {isa = PBXFileReference; lastKnownFileType = "\"\""; path = ../resources/CinderApp_ios.png; sourceTree = "<group>"; name = CinderApp_ios.png; };
		E1B2167AC1BA4CFF93E869C4 /* Images.xcassets */ = {isa = PBXFileReference; lastKnownFileType = "\"\""; path = Images.xcassets; sourceTree = "<group>"; name = Images.xcassets; };
		0354126BC9F548A787D39E64 /* LaunchScreen.xib */ = {isa = PBXFileReference; lastKnownFileType = "\"\""; path = LaunchScreen.xib; sourceTree = "<group>"; name = LaunchScreen.xib; };
		027F6EAD03C5410F9B1DEE0D /* Info.plist */ = {isa = PBXFileReference; lastKnownFileType = text.plist.xml; path = Info.plist; sourceTree = "<group>"; name = Info.plist; };
		E8E7C46B8F2B418A98A58267 /* Request_Response_Prefix.pch */ = {isa = PBXFileReference; lastKnownFileType = "\"\""; path = Request_Response_Prefix.pch; sourceTree = "<group>"; name = Request_Response_Prefix.pch; };
		E0F48DC9291A4D30A0ABF176 /* connector.hpp */ = {isa = PBXFileReference; lastKnownFileType = "\"\""; path = ../../../src/cinder/http/connector.hpp; sourceTree = "<group>"; name = connector.hpp; };
		A367A157EBDB4DEC9A74C7CE /* error_codes.hpp */ = {isa = PBXFileReference; lastKnownFileType = "\"\""; path = ../../../src/cinder/http/error_codes.hpp; sourceTree = "<group>"; name = error_codes.hpp; };
		ECD255100E94434CA04A2267 /* handshaker.hpp */ = {isa = PBXFileReference; lastKnownFileType = "\"\""; path = ../../../src/cinder/http/handshaker.hpp; sourceTree = "<group>"; name = handshaker.hpp; };
		A7701AAC60254AEF991682A2 /* headers.hpp */ = {isa = PBXFileReference; lastKnownFileType = "\"\""; path = ../../../src/cinder/http/headers.hpp; sourceTree = "<group>"; name = headers.hpp; };
		C88BFFC379114AEDAA795BB7 /* http.hpp */ = {isa = PBXFileReference; lastKnownFileType = "\"\""; path = ../../../src/cinder/http/http.hpp; sourceTree = "<group>"; name = http.hpp; };
		7231A4EB3DEE4491BCEFD15A /* parsers.hpp */ = {isa = PBXFileReference; lastKnownFileType = "\"\""; path = ../../../src/cinder/http/parsers.hpp; sourceTree = "<group>"; name = parsers.hpp; };
		CF7D3387D2B14BA49FD0C52B /* request_response.hpp */ = {isa = PBXFileReference; lastKnownFileType = "\"\""; path = ../../../src/cinder/http/request_response.hpp; sourceTree = "<group>"; name = request_response.hpp; };
		395A3CAB83A144328B37ED84 /* requester.hpp */ = {isa = PBXFileReference; lastKnownFileType = "\"\""; path = ../../../src/cinder/http/requester.hpp; sourceTree = "<group>"; name = requester.hpp; };
		66BCD52B415C4FE0B14416D8 /* responder.hpp */ = {isa = PBXFileReference; lastKnownFileType = "\"\""; path = ../../../src/cinder/http/responder.hpp; sourceTree = "<group>"; name = responder.hpp; };
		23C4141D43924590BE51EE69 /* url.hpp */ = {isa = PBXFileReference; lastKnownFileType = "\"\""; path = ../../../src/cinder/http/url.hpp; sourceTree = "<group>"; name = url.hpp; };
/* End PBXFileReference section */

/* Begin PBXFrameworksBuildPhase section */
		00692BCC14FF149000D0A05E /* Frameworks */ = {
			isa = PBXFrameworksBuildPhase;
			buildActionMask = 2147483647;
			files = (
				C725E001121DAC8F00FA186B /* AVFoundation.framework in Frameworks */,
				C725DFFE121DAC7F00FA186B /* CoreMedia.framework in Frameworks */,
				C725E001121DAC8FFFFA18FF /* ImageIO.framework in Frameworks */,
				DDDDE001121DAC8FFFFADDDD /* MobileCoreServices.framework in Frameworks */,
				1D60589F0D05DD5A006BFB54 /* Foundation.framework in Frameworks */,
				1DF5F4E00D08C38300B7A737 /* UIKit.framework in Frameworks */,
				28FD15000DC6FC520079059D /* OpenGLES.framework in Frameworks */,
				28FD15080DC6FC5B0079059D /* QuartzCore.framework in Frameworks */,
				00CFDF6B1138442D0091E310 /* CoreGraphics.framework in Frameworks */,
				C727C02E121B400300192073 /* CoreVideo.framework in Frameworks */,
				C7FB19D6124BC0D70045AFD2 /* AudioToolbox.framework in Frameworks */,
				00A66A361965AC8800B17EB3 /* Accelerate.framework in Frameworks */,
				0087D25512CD809F002CD69F /* CoreText.framework in Frameworks */,
			);
			runOnlyForDeploymentPostprocessing = 0;
		};
/* End PBXFrameworksBuildPhase section */

/* Begin PBXGroup section */
		00692BC414FF149000D0A05E = {
			isa = PBXGroup;
			children = (
				99692BD914FF149000DFFFFF /* Blocks */,
				99692BD914FF149000D0A05F /* Headers */,
				00692BD914FF149000D0A05E /* Source */,
				00692BD914FF149000D0FFFF /* Resources */,
				00692BD214FF149000D0A05E /* Frameworks */,
				00692BD014FF149000D0A05E /* Products */,
			);
			sourceTree = "<group>";
		};
		00692BD014FF149000D0A05E /* Products */ = {
			isa = PBXGroup;
			children = (
				00692BCF14FF149000D0A05E /* Request_Response.app */,
			);
			name = Products;
			sourceTree = "<group>";
		};
		00692BD214FF149000D0A05E /* Frameworks */ = {
			isa = PBXGroup;
			children = (
				C7FB19D5124BC0D70045AFD2 /* AudioToolbox.framework */,
				00A66A351965AC8800B17EB3 /* Accelerate.framework */,
				C727C02B121B400300192073 /* CoreMedia.framework */,
				C727C02D121B400300192073 /* CoreVideo.framework */,
				28FD15070DC6FC5B0079059D /* QuartzCore.framework */,
				28FD14FF0DC6FC520079059D /* OpenGLES.framework */,
				1DF5F4DF0D08C38300B7A737 /* UIKit.framework */,
				1D30AB110D05D00D00671497 /* Foundation.framework */,
				00CFDF6A1138442D0091E310 /* CoreGraphics.framework */,
				00CFDF6A1138442D0091FFFF /* ImageIO.framework */,
				DDDDDF6A1138442D0091DDDD /* MobileCoreServices.framework */,
				C725E000121DAC8F00FA186B /* AVFoundation.framework */,
				0087D25412CD809F002CD69F /* CoreText.framework */,
			);
			name = Frameworks;
			sourceTree = "<group>";
		};
		1F5E6037EA4242BD8B32B44E /* http */ = {
			isa = PBXGroup;
			children = (
				E0F48DC9291A4D30A0ABF176 /* connector.hpp */,
				A367A157EBDB4DEC9A74C7CE /* error_codes.hpp */,
				ECD255100E94434CA04A2267 /* handshaker.hpp */,
				A7701AAC60254AEF991682A2 /* headers.hpp */,
				C88BFFC379114AEDAA795BB7 /* http.hpp */,
				7231A4EB3DEE4491BCEFD15A /* parsers.hpp */,
				CF7D3387D2B14BA49FD0C52B /* request_response.hpp */,
				395A3CAB83A144328B37ED84 /* requester.hpp */,
				66BCD52B415C4FE0B14416D8 /* responder.hpp */,
				23C4141D43924590BE51EE69 /* url.hpp */,
			);
			name = http;
			sourceTree = "<group>";
		};
		910C599CC3664D2184743ACC /* cinder */ = {
			isa = PBXGroup;
			children = (
				1F5E6037EA4242BD8B32B44E /* http */,
			);
			name = cinder;
			sourceTree = "<group>";
		};
		D9942E6FD71B416183666425 /* src */ = {
			isa = PBXGroup;
			children = (
				910C599CC3664D2184743ACC /* cinder */,
			);
			name = src;
			sourceTree = "<group>";
		};
		7A8ABB0E289849E3BBDC1B5F /* Cinder-HTTP(S) */ = {
			isa = PBXGroup;
			children = (
				D9942E6FD71B416183666425 /* src */,
			);
			name = "Cinder-HTTP(S)";
			sourceTree = "<group>";
		};
		99692BD914FF149000DFFFFF /* Blocks */ = {
			isa = PBXGroup;
			children = (
				7A8ABB0E289849E3BBDC1B5F /* Cinder-HTTP(S) */,
			);
			name = Blocks;
			sourceTree = "<group>";
		};
		99692BD914FF149000D0A05F /* Headers */ = {
			isa = PBXGroup;
			children = (
				BEA4E62187D54368882DC046 /* Resources.h */,
				E8E7C46B8F2B418A98A58267 /* Request_Response_Prefix.pch */,
			);
			name = Headers;
			sourceTree = "<group>";
		};
		00692BD914FF149000D0A05E /* Source */ = {
			isa = PBXGroup;
			children = (
				CE7D6C91F44D4447832CF6C7 /* Request_ResponseApp.cpp */,
			);
			name = Source;
			sourceTree = "<group>";
		};
		00692BD914FF149000D0FFFF /* Resources */ = {
			isa = PBXGroup;
			children = (
				00748057165D41390024B57A /* assets */,
				D5ACC7EB770D4767AB27C8D6 /* CinderApp_ios.png */,
				E1B2167AC1BA4CFF93E869C4 /* Images.xcassets */,
				0354126BC9F548A787D39E64 /* LaunchScreen.xib */,
				027F6EAD03C5410F9B1DEE0D /* Info.plist */,
			);
			name = Resources;
			sourceTree = "<group>";
		};
/* End PBXGroup section */

/* Begin PBXNativeTarget section */
		00692BCE14FF149000D0A05E /* Request_Response */ = {
			isa = PBXNativeTarget;
			buildConfigurationList = 00692BF514FF149000D0A05E /* Build configuration list for PBXNativeTarget "Request_Response" */;
			buildPhases = (
				00692BCB14FF149000D0A05E /* Sources */,
				00692BCC14FF149000D0A05E /* Frameworks */,
				00692BCD14FF149000D0A05E /* Resources */,
			);
			buildRules = (
			);
			dependencies = (
			);
			name = Request_Response;
			productName = Request_Response;
			productReference = 00692BCF14FF149000D0A05E /* Request_Response.app */;
			productType = "com.apple.product-type.application";
		};
/* End PBXNativeTarget section */

/* Begin PBXProject section */
		00692BC614FF149000D0A05E /* Project object */ = {
			isa = PBXProject;
			buildConfigurationList = 00692BC914FF149000D0A05E /* Build configuration list for PBXProject "Request_Response" */;
			compatibilityVersion = "Xcode 3.2";
			developmentRegion = English;
			hasScannedForEncodings = 0;
			knownRegions = (
				en,
			);
			mainGroup = 00692BC414FF149000D0A05E;
			productRefGroup = 00692BD014FF149000D0A05E /* Products */;
			projectDirPath = "";
			projectRoot = "";
			targets = (
				00692BCE14FF149000D0A05E /* Request_Response */,
			);
		};
/* End PBXProject section */

/* Begin PBXResourcesBuildPhase section */
		00692BCD14FF149000D0A05E /* Resources */ = {
			isa = PBXResourcesBuildPhase;
			buildActionMask = 2147483647;
			files = (
				00748058165D41390024B57A /* assets in Resources */,
				FB07DB48EAAA4129B52D1FDB /* CinderApp_ios.png in Resources */,
				779DAB3BC02948C1B84EC56D /* Images.xcassets in Resources */,
				03B5F7AFE329450D95BEB744 /* LaunchScreen.xib in Resources */,
			);
			runOnlyForDeploymentPostprocessing = 0;
		};
/* End PBXResourcesBuildPhase section */

/* Begin PBXSourcesBuildPhase section */
		00692BCB14FF149000D0A05E /* Sources */ = {
			isa = PBXSourcesBuildPhase;
			buildActionMask = 2147483647;
			files = (
				F3D28018C3484B43AF1B13FA /* Request_ResponseApp.cpp in Sources */,
			);
			runOnlyForDeploymentPostprocessing = 0;
		};
/* End PBXSourcesBuildPhase section */

/* Begin XCBuildConfiguration section */
		00692BF314FF149000D0A05E /* Debug */ = {
			isa = XCBuildConfiguration;
			buildSettings = {
				ASSETCATALOG_COMPILER_LAUNCHIMAGE_NAME = "LaunchImage";
				DEAD_CODE_STRIPPING = YES;
				CLANG_CXX_LANGUAGE_STANDARD = "c++11";
				CLANG_CXX_LIBRARY = "libc++";
				ARCHS = "armv7 arm64";
				ALWAYS_SEARCH_USER_PATHS = NO;
				"CODE_SIGN_IDENTITY[sdk=iphoneos*]" = "iPhone Developer";
				COPY_PHASE_STRIP = NO;
				GCC_C_LANGUAGE_STANDARD = gnu99;
				GCC_DYNAMIC_NO_PIC = NO;
				GCC_OPTIMIZATION_LEVEL = 0;
				GCC_PREPROCESSOR_DEFINITIONS = (
					"DEBUG=1",
					"$(inherited)",
				);
				GCC_SYMBOLS_PRIVATE_EXTERN = NO;
				GCC_VERSION = com.apple.compilers.llvm.clang.1_0;
				GCC_WARN_ABOUT_MISSING_PROTOTYPES = YES;
				GCC_WARN_ABOUT_RETURN_TYPE = YES;
				GCC_WARN_UNUSED_VARIABLE = YES;
				IPHONEOS_DEPLOYMENT_TARGET = 6.0;
				SDKROOT = iphoneos;
				TARGETED_DEVICE_FAMILY = "1,2";
				CINDER_PATH = "../../../../..";
				HEADER_SEARCH_PATHS = (
					"\"$(CINDER_PATH)/include\"",
					"\"../../../../Cinder-SSL/lib/include\"",
				);
				USER_HEADER_SEARCH_PATHS = (
					"\"$(CINDER_PATH)/include\" ../include",
					../../../src,
				);
			};
			name = Debug;
		};
		00692BF414FF149000D0A05E /* Release */ = {
			isa = XCBuildConfiguration;
			buildSettings = {
				ASSETCATALOG_COMPILER_LAUNCHIMAGE_NAME = "LaunchImage";
				DEAD_CODE_STRIPPING = YES;
				CLANG_CXX_LANGUAGE_STANDARD = "c++11";
				CLANG_CXX_LIBRARY = "libc++";
				ALWAYS_SEARCH_USER_PATHS = NO;
				ARCHS = "$(ARCHS_STANDARD)";
				"CODE_SIGN_IDENTITY[sdk=iphoneos*]" = "iPhone Developer";
				COPY_PHASE_STRIP = YES;
				GCC_C_LANGUAGE_STANDARD = gnu99;
				GCC_PREPROCESSOR_DEFINITIONS = (
					"NDEBUG=1",
					"$(inherited)",
				);
				GCC_VERSION = com.apple.compilers.llvm.clang.1_0;
				GCC_WARN_ABOUT_MISSING_PROTOTYPES = YES;
				GCC_WARN_ABOUT_RETURN_TYPE = YES;
				GCC_WARN_UNUSED_VARIABLE = YES;
				IPHONEOS_DEPLOYMENT_TARGET = 6.0;
				OTHER_CFLAGS = "-DNS_BLOCK_ASSERTIONS=1";
				SDKROOT = iphoneos;
				TARGETED_DEVICE_FAMILY = "1,2";
				VALIDATE_PRODUCT = YES;
				CINDER_PATH = "../../../../..";
				HEADER_SEARCH_PATHS = (
					"\"$(CINDER_PATH)/include\"",
					"\"../../../../Cinder-SSL/lib/include\"",
				);
				USER_HEADER_SEARCH_PATHS = (
					"\"$(CINDER_PATH)/include\" ../include",
					../../../src,
				);
			};
			name = Release;
		};
		00692BF614FF149000D0A05E /* Debug */ = {
			isa = XCBuildConfiguration;
			buildSettings = {
				GCC_PRECOMPILE_PREFIX_HEADER = YES;
				GCC_PREFIX_HEADER = "Request_Response_Prefix.pch";
				INFOPLIST_FILE = "Info.plist";
				PRODUCT_NAME = "$(TARGET_NAME)";
				WRAPPER_EXTENSION = app;
				"OTHER_LDFLAGS[sdk=iphoneos*][arch=*]" = (
					"\"$(CINDER_PATH)/lib/ios/$(CONFIGURATION)/libcinder.a\"",
					"-lz",
					"\"../../../../Cinder-SSL/lib/ios/Debug/libssl.a\"",
					"\"../../../../Cinder-SSL/lib/ios/Debug/libcrypto.a\"",
				);
				"OTHER_LDFLAGS[sdk=iphonesimulator*][arch=*]" = (
					"\"$(CINDER_PATH)/lib/ios-sim/$(CONFIGURATION)/libcinder.a\"",
					"-lz",
					"\"../../../../Cinder-SSL/lib/ios/Debug/libssl.a\"",
					"\"../../../../Cinder-SSL/lib/ios/Debug/libcrypto.a\"",
				);
			};
			name = Debug;
		};
		00692BF714FF149000D0A05E /* Release */ = {
			isa = XCBuildConfiguration;
			buildSettings = {
				GCC_PRECOMPILE_PREFIX_HEADER = YES;
				GCC_PREFIX_HEADER = "Request_Response_Prefix.pch";
				INFOPLIST_FILE = "Info.plist";
				PRODUCT_NAME = "$(TARGET_NAME)";
				WRAPPER_EXTENSION = app;
				"OTHER_LDFLAGS[sdk=iphoneos*][arch=*]" = (
					"\"$(CINDER_PATH)/lib/ios/$(CONFIGURATION)/libcinder.a\"",
					"-lz",
					"\"../../../../Cinder-SSL/lib/ios/Release/libssl.a\"",
					"\"../../../../Cinder-SSL/lib/ios/Release/libcrypto.a\"",
				);
				"OTHER_LDFLAGS[sdk=iphonesimulator*][arch=*]" = (
					"\"$(CINDER_PATH)/lib/ios-sim/$(CONFIGURATION)/libcinder.a\"",
					"-lz",
					"\"../../../../Cinder-SSL/lib/ios/Release/libssl.a\"",
					"\"../../../../Cinder-SSL/lib/ios/Release/libcrypto.a\"",
				);
			};
			name = Release;
		};
/* End XCBuildConfiguration section */

/* Begin XCConfigurationList section */
		00692BC914FF149000D0A05E /* Build configuration list for PBXProject "Request_Response" */ = {
			isa = XCConfigurationList;
			buildConfigurations = (
				00692BF314FF149000D0A05E /* Debug */,
				00692BF414FF149000D0A05E /* Release */,
			);
			defaultConfigurationIsVisible = 0;
			defaultConfigurationName = Release;
		};
		00692BF514FF149000D0A05E /* Build configuration list for PBXNativeTarget "Request_Response" */ = {
			isa = XCConfigurationList;
			buildConfigurations = (
				00692BF614FF149000D0A05E /* Debug */,
				00692BF714FF149000D0A05E /* Release */,
			);
			defaultConfigurationIsVisible = 0;
			defaultConfigurationName = Release;
		};
/* End XCConfigurationList section */
	};
	rootObject = 00692BC614FF149000D0A05E /* Project object */;
}
